// !$*UTF8*$!
{
	archiveVersion = 1;
	classes = {
	};
	objectVersion = 46;
	objects = {

/* Begin PBXBuildFile section */
		1F9FEF1A199E9A5500E9C8EC /* Foundation.framework in Frameworks */ = {isa = PBXBuildFile; fileRef = 1F9FEF19199E9A5500E9C8EC /* Foundation.framework */; };
		1F9FEF1C199E9A5500E9C8EC /* CoreGraphics.framework in Frameworks */ = {isa = PBXBuildFile; fileRef = 1F9FEF1B199E9A5500E9C8EC /* CoreGraphics.framework */; };
		1F9FEF1E199E9A5500E9C8EC /* UIKit.framework in Frameworks */ = {isa = PBXBuildFile; fileRef = 1F9FEF1D199E9A5500E9C8EC /* UIKit.framework */; };
		1F9FEF24199E9A5500E9C8EC /* InfoPlist.strings in Resources */ = {isa = PBXBuildFile; fileRef = 1F9FEF22199E9A5500E9C8EC /* InfoPlist.strings */; };
		1F9FEF26199E9A5500E9C8EC /* main.m in Sources */ = {isa = PBXBuildFile; fileRef = 1F9FEF25199E9A5500E9C8EC /* main.m */; };
		1F9FEF2A199E9A5500E9C8EC /* AppDelegate.m in Sources */ = {isa = PBXBuildFile; fileRef = 1F9FEF29199E9A5500E9C8EC /* AppDelegate.m */; };
		1F9FEF2D199E9A5500E9C8EC /* Main_iPhone.storyboard in Resources */ = {isa = PBXBuildFile; fileRef = 1F9FEF2B199E9A5500E9C8EC /* Main_iPhone.storyboard */; };
		1F9FEF30199E9A5500E9C8EC /* Main_iPad.storyboard in Resources */ = {isa = PBXBuildFile; fileRef = 1F9FEF2E199E9A5500E9C8EC /* Main_iPad.storyboard */; };
		1F9FEF33199E9A5500E9C8EC /* ViewController.m in Sources */ = {isa = PBXBuildFile; fileRef = 1F9FEF32199E9A5500E9C8EC /* ViewController.m */; };
		1F9FEF35199E9A5500E9C8EC /* Images.xcassets in Resources */ = {isa = PBXBuildFile; fileRef = 1F9FEF34199E9A5500E9C8EC /* Images.xcassets */; };
		1F9FEF3C199E9A5500E9C8EC /* XCTest.framework in Frameworks */ = {isa = PBXBuildFile; fileRef = 1F9FEF3B199E9A5500E9C8EC /* XCTest.framework */; };
		1F9FEF3D199E9A5500E9C8EC /* Foundation.framework in Frameworks */ = {isa = PBXBuildFile; fileRef = 1F9FEF19199E9A5500E9C8EC /* Foundation.framework */; };
		1F9FEF3E199E9A5500E9C8EC /* UIKit.framework in Frameworks */ = {isa = PBXBuildFile; fileRef = 1F9FEF1D199E9A5500E9C8EC /* UIKit.framework */; };
		1F9FEF46199E9A5500E9C8EC /* InfoPlist.strings in Resources */ = {isa = PBXBuildFile; fileRef = 1F9FEF44199E9A5500E9C8EC /* InfoPlist.strings */; };
		1F9FEF48199E9A5500E9C8EC /* BaconTests.m in Sources */ = {isa = PBXBuildFile; fileRef = 1F9FEF47199E9A5500E9C8EC /* BaconTests.m */; };
/* End PBXBuildFile section */

/* Begin PBXContainerItemProxy section */
		1F9FEF3F199E9A5500E9C8EC /* PBXContainerItemProxy */ = {
			isa = PBXContainerItemProxy;
			containerPortal = 1F9FEF0E199E9A5400E9C8EC /* Project object */;
			proxyType = 1;
			remoteGlobalIDString = 1F9FEF15199E9A5400E9C8EC;
			remoteInfo = Bacon;
		};
/* End PBXContainerItemProxy section */

/* Begin PBXFileReference section */
		1F9FEF16199E9A5500E9C8EC /* Bacon.app */ = {isa = PBXFileReference; explicitFileType = wrapper.application; includeInIndex = 0; path = Bacon.app; sourceTree = BUILT_PRODUCTS_DIR; };
		1F9FEF19199E9A5500E9C8EC /* Foundation.framework */ = {isa = PBXFileReference; lastKnownFileType = wrapper.framework; name = Foundation.framework; path = System/Library/Frameworks/Foundation.framework; sourceTree = SDKROOT; };
		1F9FEF1B199E9A5500E9C8EC /* CoreGraphics.framework */ = {isa = PBXFileReference; lastKnownFileType = wrapper.framework; name = CoreGraphics.framework; path = System/Library/Frameworks/CoreGraphics.framework; sourceTree = SDKROOT; };
		1F9FEF1D199E9A5500E9C8EC /* UIKit.framework */ = {isa = PBXFileReference; lastKnownFileType = wrapper.framework; name = UIKit.framework; path = System/Library/Frameworks/UIKit.framework; sourceTree = SDKROOT; };
		1F9FEF21199E9A5500E9C8EC /* Bacon-Info.plist */ = {isa = PBXFileReference; lastKnownFileType = text.plist.xml; path = "Bacon-Info.plist"; sourceTree = "<group>"; };
		1F9FEF23199E9A5500E9C8EC /* en */ = {isa = PBXFileReference; lastKnownFileType = text.plist.strings; name = en; path = en.lproj/InfoPlist.strings; sourceTree = "<group>"; };
		1F9FEF25199E9A5500E9C8EC /* main.m */ = {isa = PBXFileReference; lastKnownFileType = sourcecode.c.objc; path = main.m; sourceTree = "<group>"; };
		1F9FEF27199E9A5500E9C8EC /* Bacon-Prefix.pch */ = {isa = PBXFileReference; lastKnownFileType = sourcecode.c.h; path = "Bacon-Prefix.pch"; sourceTree = "<group>"; };
		1F9FEF28199E9A5500E9C8EC /* AppDelegate.h */ = {isa = PBXFileReference; lastKnownFileType = sourcecode.c.h; path = AppDelegate.h; sourceTree = "<group>"; };
		1F9FEF29199E9A5500E9C8EC /* AppDelegate.m */ = {isa = PBXFileReference; lastKnownFileType = sourcecode.c.objc; path = AppDelegate.m; sourceTree = "<group>"; };
		1F9FEF2C199E9A5500E9C8EC /* Base */ = {isa = PBXFileReference; lastKnownFileType = file.storyboard; name = Base; path = Base.lproj/Main_iPhone.storyboard; sourceTree = "<group>"; };
		1F9FEF2F199E9A5500E9C8EC /* Base */ = {isa = PBXFileReference; lastKnownFileType = file.storyboard; name = Base; path = Base.lproj/Main_iPad.storyboard; sourceTree = "<group>"; };
		1F9FEF31199E9A5500E9C8EC /* ViewController.h */ = {isa = PBXFileReference; lastKnownFileType = sourcecode.c.h; path = ViewController.h; sourceTree = "<group>"; };
		1F9FEF32199E9A5500E9C8EC /* ViewController.m */ = {isa = PBXFileReference; lastKnownFileType = sourcecode.c.objc; path = ViewController.m; sourceTree = "<group>"; };
		1F9FEF34199E9A5500E9C8EC /* Images.xcassets */ = {isa = PBXFileReference; lastKnownFileType = folder.assetcatalog; path = Images.xcassets; sourceTree = "<group>"; };
		1F9FEF3A199E9A5500E9C8EC /* BaconTests.xctest */ = {isa = PBXFileReference; explicitFileType = wrapper.cfbundle; includeInIndex = 0; path = BaconTests.xctest; sourceTree = BUILT_PRODUCTS_DIR; };
		1F9FEF3B199E9A5500E9C8EC /* XCTest.framework */ = {isa = PBXFileReference; lastKnownFileType = wrapper.framework; name = XCTest.framework; path = Library/Frameworks/XCTest.framework; sourceTree = DEVELOPER_DIR; };
		1F9FEF43199E9A5500E9C8EC /* BaconTests-Info.plist */ = {isa = PBXFileReference; lastKnownFileType = text.plist.xml; path = "BaconTests-Info.plist"; sourceTree = "<group>"; };
		1F9FEF45199E9A5500E9C8EC /* en */ = {isa = PBXFileReference; lastKnownFileType = text.plist.strings; name = en; path = en.lproj/InfoPlist.strings; sourceTree = "<group>"; };
		1F9FEF47199E9A5500E9C8EC /* BaconTests.m */ = {isa = PBXFileReference; lastKnownFileType = sourcecode.c.objc; path = BaconTests.m; sourceTree = "<group>"; };
/* End PBXFileReference section */

/* Begin PBXFrameworksBuildPhase section */
		1F9FEF13199E9A5400E9C8EC /* Frameworks */ = {
			isa = PBXFrameworksBuildPhase;
			buildActionMask = 2147483647;
			files = (
				1F9FEF1C199E9A5500E9C8EC /* CoreGraphics.framework in Frameworks */,
				1F9FEF1E199E9A5500E9C8EC /* UIKit.framework in Frameworks */,
				1F9FEF1A199E9A5500E9C8EC /* Foundation.framework in Frameworks */,
			);
			runOnlyForDeploymentPostprocessing = 0;
		};
		1F9FEF37199E9A5500E9C8EC /* Frameworks */ = {
			isa = PBXFrameworksBuildPhase;
			buildActionMask = 2147483647;
			files = (
				1F9FEF3C199E9A5500E9C8EC /* XCTest.framework in Frameworks */,
				1F9FEF3E199E9A5500E9C8EC /* UIKit.framework in Frameworks */,
				1F9FEF3D199E9A5500E9C8EC /* Foundation.framework in Frameworks */,
			);
			runOnlyForDeploymentPostprocessing = 0;
		};
/* End PBXFrameworksBuildPhase section */

/* Begin PBXGroup section */
		1F9FEF0D199E9A5400E9C8EC = {
			isa = PBXGroup;
			children = (
				1F9FEF1F199E9A5500E9C8EC /* Bacon */,
				1F9FEF41199E9A5500E9C8EC /* BaconTests */,
				1F9FEF18199E9A5500E9C8EC /* Frameworks */,
				1F9FEF17199E9A5500E9C8EC /* Products */,
			);
			sourceTree = "<group>";
		};
		1F9FEF17199E9A5500E9C8EC /* Products */ = {
			isa = PBXGroup;
			children = (
				1F9FEF16199E9A5500E9C8EC /* Bacon.app */,
				1F9FEF3A199E9A5500E9C8EC /* BaconTests.xctest */,
			);
			name = Products;
			sourceTree = "<group>";
		};
		1F9FEF18199E9A5500E9C8EC /* Frameworks */ = {
			isa = PBXGroup;
			children = (
				1F9FEF19199E9A5500E9C8EC /* Foundation.framework */,
				1F9FEF1B199E9A5500E9C8EC /* CoreGraphics.framework */,
				1F9FEF1D199E9A5500E9C8EC /* UIKit.framework */,
				1F9FEF3B199E9A5500E9C8EC /* XCTest.framework */,
			);
			name = Frameworks;
			sourceTree = "<group>";
		};
		1F9FEF1F199E9A5500E9C8EC /* Bacon */ = {
			isa = PBXGroup;
			children = (
				1F9FEF28199E9A5500E9C8EC /* AppDelegate.h */,
				1F9FEF29199E9A5500E9C8EC /* AppDelegate.m */,
				1F9FEF2B199E9A5500E9C8EC /* Main_iPhone.storyboard */,
				1F9FEF2E199E9A5500E9C8EC /* Main_iPad.storyboard */,
				1F9FEF31199E9A5500E9C8EC /* ViewController.h */,
				1F9FEF32199E9A5500E9C8EC /* ViewController.m */,
				1F9FEF34199E9A5500E9C8EC /* Images.xcassets */,
				1F9FEF20199E9A5500E9C8EC /* Supporting Files */,
			);
			path = Bacon;
			sourceTree = "<group>";
		};
		1F9FEF20199E9A5500E9C8EC /* Supporting Files */ = {
			isa = PBXGroup;
			children = (
				1F9FEF21199E9A5500E9C8EC /* Bacon-Info.plist */,
				1F9FEF22199E9A5500E9C8EC /* InfoPlist.strings */,
				1F9FEF25199E9A5500E9C8EC /* main.m */,
				1F9FEF27199E9A5500E9C8EC /* Bacon-Prefix.pch */,
			);
			name = "Supporting Files";
			sourceTree = "<group>";
		};
		1F9FEF41199E9A5500E9C8EC /* BaconTests */ = {
			isa = PBXGroup;
			children = (
				1F9FEF47199E9A5500E9C8EC /* BaconTests.m */,
				1F9FEF42199E9A5500E9C8EC /* Supporting Files */,
			);
			path = BaconTests;
			sourceTree = "<group>";
		};
		1F9FEF42199E9A5500E9C8EC /* Supporting Files */ = {
			isa = PBXGroup;
			children = (
				1F9FEF43199E9A5500E9C8EC /* BaconTests-Info.plist */,
				1F9FEF44199E9A5500E9C8EC /* InfoPlist.strings */,
			);
			name = "Supporting Files";
			sourceTree = "<group>";
		};
/* End PBXGroup section */

/* Begin PBXNativeTarget section */
		1F9FEF15199E9A5400E9C8EC /* Bacon */ = {
			isa = PBXNativeTarget;
			buildConfigurationList = 1F9FEF4B199E9A5500E9C8EC /* Build configuration list for PBXNativeTarget "Bacon" */;
			buildPhases = (
				1F9FEF12199E9A5400E9C8EC /* Sources */,
				1F9FEF13199E9A5400E9C8EC /* Frameworks */,
				1F9FEF14199E9A5400E9C8EC /* Resources */,
			);
			buildRules = (
			);
			dependencies = (
			);
			name = Bacon;
			productName = Bacon;
			productReference = 1F9FEF16199E9A5500E9C8EC /* Bacon.app */;
			productType = "com.apple.product-type.application";
		};
		1F9FEF39199E9A5500E9C8EC /* BaconTests */ = {
			isa = PBXNativeTarget;
			buildConfigurationList = 1F9FEF4E199E9A5500E9C8EC /* Build configuration list for PBXNativeTarget "BaconTests" */;
			buildPhases = (
				1F9FEF36199E9A5500E9C8EC /* Sources */,
				1F9FEF37199E9A5500E9C8EC /* Frameworks */,
				1F9FEF38199E9A5500E9C8EC /* Resources */,
			);
			buildRules = (
			);
			dependencies = (
				1F9FEF40199E9A5500E9C8EC /* PBXTargetDependency */,
			);
			name = BaconTests;
			productName = BaconTests;
			productReference = 1F9FEF3A199E9A5500E9C8EC /* BaconTests.xctest */;
			productType = "com.apple.product-type.bundle.unit-test";
		};
/* End PBXNativeTarget section */

/* Begin PBXProject section */
		1F9FEF0E199E9A5400E9C8EC /* Project object */ = {
			isa = PBXProject;
			attributes = {
				LastUpgradeCheck = 0510;
				ORGANIZATIONNAME = "Made by Many";
				TargetAttributes = {
					1F9FEF39199E9A5500E9C8EC = {
						TestTargetID = 1F9FEF15199E9A5400E9C8EC;
					};
				};
			};
			buildConfigurationList = 1F9FEF11199E9A5400E9C8EC /* Build configuration list for PBXProject "Bacon" */;
			compatibilityVersion = "Xcode 3.2";
			developmentRegion = English;
			hasScannedForEncodings = 0;
			knownRegions = (
				en,
				Base,
			);
			mainGroup = 1F9FEF0D199E9A5400E9C8EC;
			productRefGroup = 1F9FEF17199E9A5500E9C8EC /* Products */;
			projectDirPath = "";
			projectRoot = "";
			targets = (
				1F9FEF15199E9A5400E9C8EC /* Bacon */,
				1F9FEF39199E9A5500E9C8EC /* BaconTests */,
			);
		};
/* End PBXProject section */

/* Begin PBXResourcesBuildPhase section */
		1F9FEF14199E9A5400E9C8EC /* Resources */ = {
			isa = PBXResourcesBuildPhase;
			buildActionMask = 2147483647;
			files = (
				1F9FEF30199E9A5500E9C8EC /* Main_iPad.storyboard in Resources */,
				1F9FEF35199E9A5500E9C8EC /* Images.xcassets in Resources */,
				1F9FEF2D199E9A5500E9C8EC /* Main_iPhone.storyboard in Resources */,
				1F9FEF24199E9A5500E9C8EC /* InfoPlist.strings in Resources */,
			);
			runOnlyForDeploymentPostprocessing = 0;
		};
		1F9FEF38199E9A5500E9C8EC /* Resources */ = {
			isa = PBXResourcesBuildPhase;
			buildActionMask = 2147483647;
			files = (
				1F9FEF46199E9A5500E9C8EC /* InfoPlist.strings in Resources */,
			);
			runOnlyForDeploymentPostprocessing = 0;
		};
/* End PBXResourcesBuildPhase section */

/* Begin PBXSourcesBuildPhase section */
		1F9FEF12199E9A5400E9C8EC /* Sources */ = {
			isa = PBXSourcesBuildPhase;
			buildActionMask = 2147483647;
			files = (
				1F9FEF33199E9A5500E9C8EC /* ViewController.m in Sources */,
				1F9FEF2A199E9A5500E9C8EC /* AppDelegate.m in Sources */,
				1F9FEF26199E9A5500E9C8EC /* main.m in Sources */,
			);
			runOnlyForDeploymentPostprocessing = 0;
		};
		1F9FEF36199E9A5500E9C8EC /* Sources */ = {
			isa = PBXSourcesBuildPhase;
			buildActionMask = 2147483647;
			files = (
				1F9FEF48199E9A5500E9C8EC /* BaconTests.m in Sources */,
			);
			runOnlyForDeploymentPostprocessing = 0;
		};
/* End PBXSourcesBuildPhase section */

/* Begin PBXTargetDependency section */
		1F9FEF40199E9A5500E9C8EC /* PBXTargetDependency */ = {
			isa = PBXTargetDependency;
			target = 1F9FEF15199E9A5400E9C8EC /* Bacon */;
			targetProxy = 1F9FEF3F199E9A5500E9C8EC /* PBXContainerItemProxy */;
		};
/* End PBXTargetDependency section */

/* Begin PBXVariantGroup section */
		1F9FEF22199E9A5500E9C8EC /* InfoPlist.strings */ = {
			isa = PBXVariantGroup;
			children = (
				1F9FEF23199E9A5500E9C8EC /* en */,
			);
			name = InfoPlist.strings;
			sourceTree = "<group>";
		};
		1F9FEF2B199E9A5500E9C8EC /* Main_iPhone.storyboard */ = {
			isa = PBXVariantGroup;
			children = (
				1F9FEF2C199E9A5500E9C8EC /* Base */,
			);
			name = Main_iPhone.storyboard;
			sourceTree = "<group>";
		};
		1F9FEF2E199E9A5500E9C8EC /* Main_iPad.storyboard */ = {
			isa = PBXVariantGroup;
			children = (
				1F9FEF2F199E9A5500E9C8EC /* Base */,
			);
			name = Main_iPad.storyboard;
			sourceTree = "<group>";
		};
		1F9FEF44199E9A5500E9C8EC /* InfoPlist.strings */ = {
			isa = PBXVariantGroup;
			children = (
				1F9FEF45199E9A5500E9C8EC /* en */,
			);
			name = InfoPlist.strings;
			sourceTree = "<group>";
		};
/* End PBXVariantGroup section */

/* Begin XCBuildConfiguration section */
		1F9FEF49199E9A5500E9C8EC /* Debug */ = {
			isa = XCBuildConfiguration;
			buildSettings = {
				ALWAYS_SEARCH_USER_PATHS = NO;
				CLANG_CXX_LANGUAGE_STANDARD = "gnu++0x";
				CLANG_CXX_LIBRARY = "libc++";
				CLANG_ENABLE_MODULES = YES;
				CLANG_ENABLE_OBJC_ARC = YES;
				CLANG_WARN_BOOL_CONVERSION = YES;
				CLANG_WARN_CONSTANT_CONVERSION = YES;
				CLANG_WARN_DIRECT_OBJC_ISA_USAGE = YES_ERROR;
				CLANG_WARN_EMPTY_BODY = YES;
				CLANG_WARN_ENUM_CONVERSION = YES;
				CLANG_WARN_INT_CONVERSION = YES;
				CLANG_WARN_OBJC_ROOT_CLASS = YES_ERROR;
				CLANG_WARN__DUPLICATE_METHOD_MATCH = YES;
				"CODE_SIGN_IDENTITY[sdk=iphoneos*]" = "iPhone Developer";
				COPY_PHASE_STRIP = NO;
				GCC_C_LANGUAGE_STANDARD = gnu99;
				GCC_DYNAMIC_NO_PIC = NO;
				GCC_OPTIMIZATION_LEVEL = 0;
				GCC_PREPROCESSOR_DEFINITIONS = (
					"DEBUG=1",
					"$(inherited)",
				);
				GCC_SYMBOLS_PRIVATE_EXTERN = NO;
				GCC_WARN_64_TO_32_BIT_CONVERSION = YES;
				GCC_WARN_ABOUT_RETURN_TYPE = YES_ERROR;
				GCC_WARN_UNDECLARED_SELECTOR = YES;
				GCC_WARN_UNINITIALIZED_AUTOS = YES_AGGRESSIVE;
				GCC_WARN_UNUSED_FUNCTION = YES;
				GCC_WARN_UNUSED_VARIABLE = YES;
				IPHONEOS_DEPLOYMENT_TARGET = 7.1;
				ONLY_ACTIVE_ARCH = YES;
				SDKROOT = iphoneos;
				TARGETED_DEVICE_FAMILY = "1,2";
			};
			name = Debug;
		};
		1F9FEF4A199E9A5500E9C8EC /* Release */ = {
			isa = XCBuildConfiguration;
			buildSettings = {
				ALWAYS_SEARCH_USER_PATHS = NO;
				CLANG_CXX_LANGUAGE_STANDARD = "gnu++0x";
				CLANG_CXX_LIBRARY = "libc++";
				CLANG_ENABLE_MODULES = YES;
				CLANG_ENABLE_OBJC_ARC = YES;
				CLANG_WARN_BOOL_CONVERSION = YES;
				CLANG_WARN_CONSTANT_CONVERSION = YES;
				CLANG_WARN_DIRECT_OBJC_ISA_USAGE = YES_ERROR;
				CLANG_WARN_EMPTY_BODY = YES;
				CLANG_WARN_ENUM_CONVERSION = YES;
				CLANG_WARN_INT_CONVERSION = YES;
				CLANG_WARN_OBJC_ROOT_CLASS = YES_ERROR;
				CLANG_WARN__DUPLICATE_METHOD_MATCH = YES;
				"CODE_SIGN_IDENTITY[sdk=iphoneos*]" = "iPhone Developer";
				COPY_PHASE_STRIP = YES;
				ENABLE_NS_ASSERTIONS = NO;
				GCC_C_LANGUAGE_STANDARD = gnu99;
				GCC_WARN_64_TO_32_BIT_CONVERSION = YES;
				GCC_WARN_ABOUT_RETURN_TYPE = YES_ERROR;
				GCC_WARN_UNDECLARED_SELECTOR = YES;
				GCC_WARN_UNINITIALIZED_AUTOS = YES_AGGRESSIVE;
				GCC_WARN_UNUSED_FUNCTION = YES;
				GCC_WARN_UNUSED_VARIABLE = YES;
				IPHONEOS_DEPLOYMENT_TARGET = 7.1;
				SDKROOT = iphoneos;
				TARGETED_DEVICE_FAMILY = "1,2";
				VALIDATE_PRODUCT = YES;
			};
			name = Release;
		};
		1F9FEF4C199E9A5500E9C8EC /* Debug */ = {
			isa = XCBuildConfiguration;
			buildSettings = {
				ASSETCATALOG_COMPILER_APPICON_NAME = AppIcon;
				ASSETCATALOG_COMPILER_LAUNCHIMAGE_NAME = LaunchImage;
				GCC_PRECOMPILE_PREFIX_HEADER = YES;
				GCC_PREFIX_HEADER = "Bacon/Bacon-Prefix.pch";
				INFOPLIST_FILE = "Bacon/Bacon-Info.plist";
				PRODUCT_NAME = "$(TARGET_NAME)";
				WRAPPER_EXTENSION = app;
			};
			name = Debug;
		};
		1F9FEF4D199E9A5500E9C8EC /* Release */ = {
			isa = XCBuildConfiguration;
			buildSettings = {
				ASSETCATALOG_COMPILER_APPICON_NAME = AppIcon;
				ASSETCATALOG_COMPILER_LAUNCHIMAGE_NAME = LaunchImage;
				GCC_PRECOMPILE_PREFIX_HEADER = YES;
				GCC_PREFIX_HEADER = "Bacon/Bacon-Prefix.pch";
				INFOPLIST_FILE = "Bacon/Bacon-Info.plist";
				PRODUCT_NAME = "$(TARGET_NAME)";
				WRAPPER_EXTENSION = app;
			};
			name = Release;
		};
		1F9FEF4F199E9A5500E9C8EC /* Debug */ = {
			isa = XCBuildConfiguration;
			buildSettings = {
				BUNDLE_LOADER = "$(BUILT_PRODUCTS_DIR)/Bacon.app/Bacon";
				FRAMEWORK_SEARCH_PATHS = (
					"$(SDKROOT)/Developer/Library/Frameworks",
					"$(inherited)",
					"$(DEVELOPER_FRAMEWORKS_DIR)",
				);
				GCC_PRECOMPILE_PREFIX_HEADER = YES;
				GCC_PREFIX_HEADER = "Bacon/Bacon-Prefix.pch";
				GCC_PREPROCESSOR_DEFINITIONS = (
					"DEBUG=1",
					"$(inherited)",
				);
				INFOPLIST_FILE = "BaconTests/BaconTests-Info.plist";
				PRODUCT_NAME = "$(TARGET_NAME)";
				TEST_HOST = "$(BUNDLE_LOADER)";
				WRAPPER_EXTENSION = xctest;
			};
			name = Debug;
		};
		1F9FEF50199E9A5500E9C8EC /* Release */ = {
			isa = XCBuildConfiguration;
			buildSettings = {
				BUNDLE_LOADER = "$(BUILT_PRODUCTS_DIR)/Bacon.app/Bacon";
				FRAMEWORK_SEARCH_PATHS = (
					"$(SDKROOT)/Developer/Library/Frameworks",
					"$(inherited)",
					"$(DEVELOPER_FRAMEWORKS_DIR)",
				);
				GCC_PRECOMPILE_PREFIX_HEADER = YES;
				GCC_PREFIX_HEADER = "Bacon/Bacon-Prefix.pch";
				INFOPLIST_FILE = "BaconTests/BaconTests-Info.plist";
				PRODUCT_NAME = "$(TARGET_NAME)";
				TEST_HOST = "$(BUNDLE_LOADER)";
				WRAPPER_EXTENSION = xctest;
			};
			name = Release;
		};
/* End XCBuildConfiguration section */

/* Begin XCConfigurationList section */
		1F9FEF11199E9A5400E9C8EC /* Build configuration list for PBXProject "Bacon" */ = {
			isa = XCConfigurationList;
			buildConfigurations = (
				1F9FEF49199E9A5500E9C8EC /* Debug */,
				1F9FEF4A199E9A5500E9C8EC /* Release */,
			);
			defaultConfigurationIsVisible = 0;
			defaultConfigurationName = Release;
		};
		1F9FEF4B199E9A5500E9C8EC /* Build configuration list for PBXNativeTarget "Bacon" */ = {
			isa = XCConfigurationList;
			buildConfigurations = (
				1F9FEF4C199E9A5500E9C8EC /* Debug */,
				1F9FEF4D199E9A5500E9C8EC /* Release */,
			);
			defaultConfigurationIsVisible = 0;
		};
		1F9FEF4E199E9A5500E9C8EC /* Build configuration list for PBXNativeTarget "BaconTests" */ = {
			isa = XCConfigurationList;
			buildConfigurations = (
				1F9FEF4F199E9A5500E9C8EC /* Debug */,
				1F9FEF50199E9A5500E9C8EC /* Release */,
			);
			defaultConfigurationIsVisible = 0;
		};
/* End XCConfigurationList section */
	};
	rootObject = 1F9FEF0E199E9A5400E9C8EC /* Project object */;
}
